
Microsoft Visual Studio Solution File, Format Version 12.00
# Visual Studio Version 17
VisualStudioVersion = 17.7.34009.444
MinimumVisualStudioVersion = 10.0.40219.1
Project("{FAE04EC0-301F-11D3-BF4B-00C04F79EFBC}") = "central-api", "central-api\central-api.csproj", "{2D7DA730-D0ED-48FA-968D-E479D1413753}"
EndProject
Global
	GlobalSection(SolutionConfigurationPlatforms) = preSolution
		Debug|Any CPU = Debug|Any CPU
		Release|Any CPU = Release|Any CPU
	EndGlobalSection
	GlobalSection(ProjectConfigurationPlatforms) = postSolution
		{2D7DA730-D0ED-48FA-968D-E479D1413753}.Debug|Any CPU.ActiveCfg = Debug|Any CPU
		{2D7DA730-D0ED-48FA-968D-E479D1413753}.Debug|Any CPU.Build.0 = Debug|Any CPU
		{2D7DA730-D0ED-48FA-968D-E479D1413753}.Release|Any CPU.ActiveCfg = Release|Any CPU
		{2D7DA730-D0ED-48FA-968D-E479D1413753}.Release|Any CPU.Build.0 = Release|Any CPU
	EndGlobalSection
	GlobalSection(SolutionProperties) = preSolution
		HideSolutionNode = FALSE
	EndGlobalSection
	GlobalSection(ExtensibilityGlobals) = postSolution
		SolutionGuid = {A103A8D2-66A8-4389-AC7F-839BE8B5B33C}
	EndGlobalSection
EndGlobal
